// !$*UTF8*$!
{
	archiveVersion = 1;
	classes = {
	};
	objectVersion = 46;
	objects = {

/* Begin PBXBuildFile section */
		DDD1DCE91A8CAF6F0084B56B /* main.m in Sources */ = {isa = PBXBuildFile; fileRef = DDD1DCE81A8CAF6F0084B56B /* main.m */; };
		DDD1DCF11A8CB23A0084B56B /* Lista.m in Sources */ = {isa = PBXBuildFile; fileRef = DDD1DCF01A8CB23A0084B56B /* Lista.m */; };
/* End PBXBuildFile section */

/* Begin PBXCopyFilesBuildPhase section */
		DDD1DCE31A8CAF6F0084B56B /* CopyFiles */ = {
			isa = PBXCopyFilesBuildPhase;
			buildActionMask = 2147483647;
			dstPath = /usr/share/man/man1/;
			dstSubfolderSpec = 0;
			files = (
			);
			runOnlyForDeploymentPostprocessing = 1;
		};
/* End PBXCopyFilesBuildPhase section */

/* Begin PBXFileReference section */
		DDD1DCE51A8CAF6F0084B56B /* fila1.1 */ = {isa = PBXFileReference; explicitFileType = "compiled.mach-o.executable"; includeInIndex = 0; path = fila1.1; sourceTree = BUILT_PRODUCTS_DIR; };
		DDD1DCE81A8CAF6F0084B56B /* main.m */ = {isa = PBXFileReference; lastKnownFileType = sourcecode.c.objc; path = main.m; sourceTree = "<group>"; };
		DDD1DCEF1A8CB23A0084B56B /* Lista.h */ = {isa = PBXFileReference; fileEncoding = 4; lastKnownFileType = sourcecode.c.h; path = Lista.h; sourceTree = "<group>"; };
		DDD1DCF01A8CB23A0084B56B /* Lista.m */ = {isa = PBXFileReference; fileEncoding = 4; lastKnownFileType = sourcecode.c.objc; path = Lista.m; sourceTree = "<group>"; };
/* End PBXFileReference section */

/* Begin PBXFrameworksBuildPhase section */
		DDD1DCE21A8CAF6F0084B56B /* Frameworks */ = {
			isa = PBXFrameworksBuildPhase;
			buildActionMask = 2147483647;
			files = (
			);
			runOnlyForDeploymentPostprocessing = 0;
		};
/* End PBXFrameworksBuildPhase section */

/* Begin PBXGroup section */
		DDD1DCDC1A8CAF6F0084B56B = {
			isa = PBXGroup;
			children = (
				DDD1DCEF1A8CB23A0084B56B /* Lista.h */,
				DDD1DCF01A8CB23A0084B56B /* Lista.m */,
				DDD1DCE71A8CAF6F0084B56B /* fila1.1 */,
				DDD1DCE61A8CAF6F0084B56B /* Products */,
			);
			sourceTree = "<group>";
		};
		DDD1DCE61A8CAF6F0084B56B /* Products */ = {
			isa = PBXGroup;
			children = (
				DDD1DCE51A8CAF6F0084B56B /* fila1.1 */,
			);
			name = Products;
			sourceTree = "<group>";
		};
		DDD1DCE71A8CAF6F0084B56B /* fila1.1 */ = {
			isa = PBXGroup;
			children = (
				DDD1DCE81A8CAF6F0084B56B /* main.m */,
			);
			path = fila1.1;
			sourceTree = "<group>";
		};
/* End PBXGroup section */

/* Begin PBXNativeTarget section */
		DDD1DCE41A8CAF6F0084B56B /* fila1.1 */ = {
			isa = PBXNativeTarget;
			buildConfigurationList = DDD1DCEC1A8CAF6F0084B56B /* Build configuration list for PBXNativeTarget "fila1.1" */;
			buildPhases = (
				DDD1DCE11A8CAF6F0084B56B /* Sources */,
				DDD1DCE21A8CAF6F0084B56B /* Frameworks */,
				DDD1DCE31A8CAF6F0084B56B /* CopyFiles */,
			);
			buildRules = (
			);
			dependencies = (
			);
			name = fila1.1;
			productName = fila1.1;
			productReference = DDD1DCE51A8CAF6F0084B56B /* fila1.1 */;
			productType = "com.apple.product-type.tool";
		};
/* End PBXNativeTarget section */

/* Begin PBXProject section */
		DDD1DCDD1A8CAF6F0084B56B /* Project object */ = {
			isa = PBXProject;
			attributes = {
				LastUpgradeCheck = 0610;
				ORGANIZATIONNAME = "Matheus Amancio Seixeiro";
				TargetAttributes = {
					DDD1DCE41A8CAF6F0084B56B = {
						CreatedOnToolsVersion = 6.1.1;
					};
				};
			};
			buildConfigurationList = DDD1DCE01A8CAF6F0084B56B /* Build configuration list for PBXProject "fila1.1" */;
			compatibilityVersion = "Xcode 3.2";
			developmentRegion = English;
			hasScannedForEncodings = 0;
			knownRegions = (
				en,
			);
			mainGroup = DDD1DCDC1A8CAF6F0084B56B;
			productRefGroup = DDD1DCE61A8CAF6F0084B56B /* Products */;
			projectDirPath = "";
			projectRoot = "";
			targets = (
				DDD1DCE41A8CAF6F0084B56B /* fila1.1 */,
			);
		};
/* End PBXProject section */

/* Begin PBXSourcesBuildPhase section */
		DDD1DCE11A8CAF6F0084B56B /* Sources */ = {
			isa = PBXSourcesBuildPhase;
			buildActionMask = 2147483647;
			files = (
				DDD1DCE91A8CAF6F0084B56B /* main.m in Sources */,
				DDD1DCF11A8CB23A0084B56B /* Lista.m in Sources */,
			);
			runOnlyForDeploymentPostprocessing = 0;
		};
/* End PBXSourcesBuildPhase section */

/* Begin XCBuildConfiguration section */
		DDD1DCEA1A8CAF6F0084B56B /* Debug */ = {
			isa = XCBuildConfiguration;
			buildSettings = {
				ALWAYS_SEARCH_USER_PATHS = NO;
				CLANG_CXX_LANGUAGE_STANDARD = "gnu++0x";
				CLANG_CXX_LIBRARY = "libc++";
				CLANG_ENABLE_MODULES = YES;
				CLANG_ENABLE_OBJC_ARC = YES;
				CLANG_WARN_BOOL_CONVERSION = YES;
				CLANG_WARN_CONSTANT_CONVERSION = YES;
				CLANG_WARN_DIRECT_OBJC_ISA_USAGE = YES_ERROR;
				CLANG_WARN_EMPTY_BODY = YES;
				CLANG_WARN_ENUM_CONVERSION = YES;
				CLANG_WARN_INT_CONVERSION = YES;
				CLANG_WARN_OBJC_ROOT_CLASS = YES_ERROR;
				CLANG_WARN_UNREACHABLE_CODE = YES;
				CLANG_WARN__DUPLICATE_METHOD_MATCH = YES;
				COPY_PHASE_STRIP = NO;
				ENABLE_STRICT_OBJC_MSGSEND = YES;
				GCC_C_LANGUAGE_STANDARD = gnu99;
				GCC_DYNAMIC_NO_PIC = NO;
				GCC_OPTIMIZATION_LEVEL = 0;
				GCC_PREPROCESSOR_DEFINITIONS = (
					"DEBUG=1",
					"$(inherited)",
				);
				GCC_SYMBOLS_PRIVATE_EXTERN = NO;
				GCC_WARN_64_TO_32_BIT_CONVERSION = YES;
				GCC_WARN_ABOUT_RETURN_TYPE = YES_ERROR;
				GCC_WARN_UNDECLARED_SELECTOR = YES;
				GCC_WARN_UNINITIALIZED_AUTOS = YES_AGGRESSIVE;
				GCC_WARN_UNUSED_FUNCTION = YES;
				GCC_WARN_UNUSED_VARIABLE = YES;
				MACOSX_DEPLOYMENT_TARGET = 10.10;
				MTL_ENABLE_DEBUG_INFO = YES;
				ONLY_ACTIVE_ARCH = YES;
				SDKROOT = macosx;
			};
			name = Debug;
		};
		DDD1DCEB1A8CAF6F0084B56B /* Release */ = {
			isa = XCBuildConfiguration;
			buildSettings = {
				ALWAYS_SEARCH_USER_PATHS = NO;
				CLANG_CXX_LANGUAGE_STANDARD = "gnu++0x";
				CLANG_CXX_LIBRARY = "libc++";
				CLANG_ENABLE_MODULES = YES;
				CLANG_ENABLE_OBJC_ARC = YES;
				CLANG_WARN_BOOL_CONVERSION = YES;
				CLANG_WARN_CONSTANT_CONVERSION = YES;
				CLANG_WARN_DIRECT_OBJC_ISA_USAGE = YES_ERROR;
				CLANG_WARN_EMPTY_BODY = YES;
				CLANG_WARN_ENUM_CONVERSION = YES;
				CLANG_WARN_INT_CONVERSION = YES;
				CLANG_WARN_OBJC_ROOT_CLASS = YES_ERROR;
				CLANG_WARN_UNREACHABLE_CODE = YES;
				CLANG_WARN__DUPLICATE_METHOD_MATCH = YES;
				COPY_PHASE_STRIP = YES;
				DEBUG_INFORMATION_FORMAT = "dwarf-with-dsym";
				ENABLE_NS_ASSERTIONS = NO;
				ENABLE_STRICT_OBJC_MSGSEND = YES;
				GCC_C_LANGUAGE_STANDARD = gnu99;
				GCC_WARN_64_TO_32_BIT_CONVERSION = YES;
				GCC_WARN_ABOUT_RETURN_TYPE = YES_ERROR;
				GCC_WARN_UNDECLARED_SELECTOR = YES;
				GCC_WARN_UNINITIALIZED_AUTOS = YES_AGGRESSIVE;
				GCC_WARN_UNUSED_FUNCTION = YES;
				GCC_WARN_UNUSED_VARIABLE = YES;
				MACOSX_DEPLOYMENT_TARGET = 10.10;
				MTL_ENABLE_DEBUG_INFO = NO;
				SDKROOT = macosx;
			};
			name = Release;
		};
		DDD1DCED1A8CAF6F0084B56B /* Debug */ = {
			isa = XCBuildConfiguration;
			buildSettings = {
				PRODUCT_NAME = "$(TARGET_NAME)";
			};
			name = Debug;
		};
		DDD1DCEE1A8CAF6F0084B56B /* Release */ = {
			isa = XCBuildConfiguration;
			buildSettings = {
				PRODUCT_NAME = "$(TARGET_NAME)";
			};
			name = Release;
		};
/* End XCBuildConfiguration section */

/* Begin XCConfigurationList section */
		DDD1DCE01A8CAF6F0084B56B /* Build configuration list for PBXProject "fila1.1" */ = {
			isa = XCConfigurationList;
			buildConfigurations = (
				DDD1DCEA1A8CAF6F0084B56B /* Debug */,
				DDD1DCEB1A8CAF6F0084B56B /* Release */,
			);
			defaultConfigurationIsVisible = 0;
			defaultConfigurationName = Release;
		};
		DDD1DCEC1A8CAF6F0084B56B /* Build configuration list for PBXNativeTarget "fila1.1" */ = {
			isa = XCConfigurationList;
			buildConfigurations = (
				DDD1DCED1A8CAF6F0084B56B /* Debug */,
				DDD1DCEE1A8CAF6F0084B56B /* Release */,
			);
			defaultConfigurationIsVisible = 0;
		};
/* End XCConfigurationList section */
	};
	rootObject = DDD1DCDD1A8CAF6F0084B56B /* Project object */;
}
